
Microsoft Visual Studio Solution File, Format Version 12.00
# Visual Studio Version 16
VisualStudioVersion = 16.0.30114.105
MinimumVisualStudioVersion = 10.0.40219.1
Project("{9A19103F-16F7-4668-BE54-9A1E7A4F7556}") = "CollegeManagement", "CollegeManagement.csproj", "{FA17EF70-C93B-4F09-991E-FA4BE78688F6}"
EndProject
Project("{FAE04EC0-301F-11D3-BF4B-00C04F79EFBC}") = "colltest1", "..\colltest1\colltest1.csproj", "{86E6D748-9538-4237-B6F3-57615466FAC8}"
EndProject
Global
	GlobalSection(SolutionConfigurationPlatforms) = preSolution
		Debug|Any CPU = Debug|Any CPU
		Release|Any CPU = Release|Any CPU
	EndGlobalSection
	GlobalSection(ProjectConfigurationPlatforms) = postSolution
		{FA17EF70-C93B-4F09-991E-FA4BE78688F6}.Debug|Any CPU.ActiveCfg = Debug|Any CPU
		{FA17EF70-C93B-4F09-991E-FA4BE78688F6}.Debug|Any CPU.Build.0 = Debug|Any CPU
		{FA17EF70-C93B-4F09-991E-FA4BE78688F6}.Release|Any CPU.ActiveCfg = Release|Any CPU
		{FA17EF70-C93B-4F09-991E-FA4BE78688F6}.Release|Any CPU.Build.0 = Release|Any CPU
		{86E6D748-9538-4237-B6F3-57615466FAC8}.Debug|Any CPU.ActiveCfg = Debug|Any CPU
		{86E6D748-9538-4237-B6F3-57615466FAC8}.Debug|Any CPU.Build.0 = Debug|Any CPU
		{86E6D748-9538-4237-B6F3-57615466FAC8}.Release|Any CPU.ActiveCfg = Release|Any CPU
		{86E6D748-9538-4237-B6F3-57615466FAC8}.Release|Any CPU.Build.0 = Release|Any CPU
	EndGlobalSection
	GlobalSection(SolutionProperties) = preSolution
		HideSolutionNode = FALSE
	EndGlobalSection
	GlobalSection(ExtensibilityGlobals) = postSolution
		SolutionGuid = {310D4482-8C05-4CA4-B0E6-AC5C17D8F8D7}
	EndGlobalSection
EndGlobal
